
Microsoft Visual Studio Solution File, Format Version 12.00
# Visual Studio Version 17
VisualStudioVersion = 17.11.35312.102
MinimumVisualStudioVersion = 10.0.40219.1
Project("{FAE04EC0-301F-11D3-BF4B-00C04F79EFBC}") = "GradingApp", "GradingApp\GradingApp.csproj", "{080189B1-D3B0-478D-B55C-632D93127B3B}"
EndProject
Global
	GlobalSection(SolutionConfigurationPlatforms) = preSolution
		Debug|Any CPU = Debug|Any CPU
		Release|Any CPU = Release|Any CPU
	EndGlobalSection
	GlobalSection(ProjectConfigurationPlatforms) = postSolution
		{080189B1-D3B0-478D-B55C-632D93127B3B}.Debug|Any CPU.ActiveCfg = Debug|Any CPU
		{080189B1-D3B0-478D-B55C-632D93127B3B}.Debug|Any CPU.Build.0 = Debug|Any CPU
		{080189B1-D3B0-478D-B55C-632D93127B3B}.Release|Any CPU.ActiveCfg = Release|Any CPU
		{080189B1-D3B0-478D-B55C-632D93127B3B}.Release|Any CPU.Build.0 = Release|Any CPU
	EndGlobalSection
	GlobalSection(SolutionProperties) = preSolution
		HideSolutionNode = FALSE
	EndGlobalSection
	GlobalSection(ExtensibilityGlobals) = postSolution
		SolutionGuid = {607A59BE-264F-4EDA-9F49-0A6B4B0688A6}
	EndGlobalSection
EndGlobal
